
Microsoft Visual Studio Solution File, Format Version 12.00
# Visual Studio Version 17
VisualStudioVersion = 17.0.32014.148
MinimumVisualStudioVersion = 10.0.40219.1
Project("{9A19103F-16F7-4668-BE54-9A1E7A4F7556}") = "01. GlobalAndImplicitUsings", "01. GlobalAndImplicitUsings\01. GlobalAndImplicitUsings.csproj", "{6FA3BA38-ED46-40B2-BC4D-219E656C6765}"
EndProject
Project("{9A19103F-16F7-4668-BE54-9A1E7A4F7556}") = "02. FileScopedNamespaces", "02. FileScopedNamespaces\02. FileScopedNamespaces.csproj", "{DD96AB8D-A107-4AC9-8987-7690624EE870}"
EndProject
Project("{9A19103F-16F7-4668-BE54-9A1E7A4F7556}") = "03. ExtendedPropertyPatterns", "03. ExtendedPropertyPatterns\03. ExtendedPropertyPatterns.csproj", "{11E464E3-67C9-45C2-ACDA-6F1E21D4FF99}"
EndProject
Project("{FAE04EC0-301F-11D3-BF4B-00C04F79EFBC}") = "04. LambdaExpressionImprovements", "04. LambdaExpressionImprovements\04. LambdaExpressionImprovements.csproj", "{9F4F1E10-6DE4-4E01-BFC6-168F68F141FD}"
EndProject
Global
	GlobalSection(SolutionConfigurationPlatforms) = preSolution
		Debug|Any CPU = Debug|Any CPU
		Release|Any CPU = Release|Any CPU
	EndGlobalSection
	GlobalSection(ProjectConfigurationPlatforms) = postSolution
		{6FA3BA38-ED46-40B2-BC4D-219E656C6765}.Debug|Any CPU.ActiveCfg = Debug|Any CPU
		{6FA3BA38-ED46-40B2-BC4D-219E656C6765}.Debug|Any CPU.Build.0 = Debug|Any CPU
		{6FA3BA38-ED46-40B2-BC4D-219E656C6765}.Release|Any CPU.ActiveCfg = Release|Any CPU
		{6FA3BA38-ED46-40B2-BC4D-219E656C6765}.Release|Any CPU.Build.0 = Release|Any CPU
		{DD96AB8D-A107-4AC9-8987-7690624EE870}.Debug|Any CPU.ActiveCfg = Debug|Any CPU
		{DD96AB8D-A107-4AC9-8987-7690624EE870}.Debug|Any CPU.Build.0 = Debug|Any CPU
		{DD96AB8D-A107-4AC9-8987-7690624EE870}.Release|Any CPU.ActiveCfg = Release|Any CPU
		{DD96AB8D-A107-4AC9-8987-7690624EE870}.Release|Any CPU.Build.0 = Release|Any CPU
		{11E464E3-67C9-45C2-ACDA-6F1E21D4FF99}.Debug|Any CPU.ActiveCfg = Debug|Any CPU
		{11E464E3-67C9-45C2-ACDA-6F1E21D4FF99}.Debug|Any CPU.Build.0 = Debug|Any CPU
		{11E464E3-67C9-45C2-ACDA-6F1E21D4FF99}.Release|Any CPU.ActiveCfg = Release|Any CPU
		{11E464E3-67C9-45C2-ACDA-6F1E21D4FF99}.Release|Any CPU.Build.0 = Release|Any CPU
		{9F4F1E10-6DE4-4E01-BFC6-168F68F141FD}.Debug|Any CPU.ActiveCfg = Debug|Any CPU
		{9F4F1E10-6DE4-4E01-BFC6-168F68F141FD}.Debug|Any CPU.Build.0 = Debug|Any CPU
		{9F4F1E10-6DE4-4E01-BFC6-168F68F141FD}.Release|Any CPU.ActiveCfg = Release|Any CPU
		{9F4F1E10-6DE4-4E01-BFC6-168F68F141FD}.Release|Any CPU.Build.0 = Release|Any CPU
	EndGlobalSection
	GlobalSection(SolutionProperties) = preSolution
		HideSolutionNode = FALSE
	EndGlobalSection
	GlobalSection(ExtensibilityGlobals) = postSolution
		SolutionGuid = {93A78048-634C-4B5F-A636-67A263F573E9}
	EndGlobalSection
EndGlobal
