
Microsoft Visual Studio Solution File, Format Version 12.00
# Visual Studio Version 17
VisualStudioVersion = 17.0.32014.148
MinimumVisualStudioVersion = 10.0.40219.1
Project("{FAE04EC0-301F-11D3-BF4B-00C04F79EFBC}") = "01. RecordTypes", "01. RecordTypes\01. RecordTypes.csproj", "{B8840BF4-6983-417B-AE19-C59D42344956}"
EndProject
Project("{FAE04EC0-301F-11D3-BF4B-00C04F79EFBC}") = "02. InitOnlyProperties", "02. InitOnlyProperties\02. InitOnlyProperties.csproj", "{6355A117-292E-43EC-8CC6-EDB3AE2C5CB1}"
EndProject
Project("{FAE04EC0-301F-11D3-BF4B-00C04F79EFBC}") = "03. TopLevelStatements", "03. TopLevelStatements\03. TopLevelStatements.csproj", "{0DA1319B-8ABA-4EA3-892C-9418EAFA2AE5}"
EndProject
Global
	GlobalSection(SolutionConfigurationPlatforms) = preSolution
		Debug|Any CPU = Debug|Any CPU
		Release|Any CPU = Release|Any CPU
	EndGlobalSection
	GlobalSection(ProjectConfigurationPlatforms) = postSolution
		{B8840BF4-6983-417B-AE19-C59D42344956}.Debug|Any CPU.ActiveCfg = Debug|Any CPU
		{B8840BF4-6983-417B-AE19-C59D42344956}.Debug|Any CPU.Build.0 = Debug|Any CPU
		{B8840BF4-6983-417B-AE19-C59D42344956}.Release|Any CPU.ActiveCfg = Release|Any CPU
		{B8840BF4-6983-417B-AE19-C59D42344956}.Release|Any CPU.Build.0 = Release|Any CPU
		{6355A117-292E-43EC-8CC6-EDB3AE2C5CB1}.Debug|Any CPU.ActiveCfg = Debug|Any CPU
		{6355A117-292E-43EC-8CC6-EDB3AE2C5CB1}.Debug|Any CPU.Build.0 = Debug|Any CPU
		{6355A117-292E-43EC-8CC6-EDB3AE2C5CB1}.Release|Any CPU.ActiveCfg = Release|Any CPU
		{6355A117-292E-43EC-8CC6-EDB3AE2C5CB1}.Release|Any CPU.Build.0 = Release|Any CPU
		{0DA1319B-8ABA-4EA3-892C-9418EAFA2AE5}.Debug|Any CPU.ActiveCfg = Debug|Any CPU
		{0DA1319B-8ABA-4EA3-892C-9418EAFA2AE5}.Debug|Any CPU.Build.0 = Debug|Any CPU
		{0DA1319B-8ABA-4EA3-892C-9418EAFA2AE5}.Release|Any CPU.ActiveCfg = Release|Any CPU
		{0DA1319B-8ABA-4EA3-892C-9418EAFA2AE5}.Release|Any CPU.Build.0 = Release|Any CPU
	EndGlobalSection
	GlobalSection(SolutionProperties) = preSolution
		HideSolutionNode = FALSE
	EndGlobalSection
	GlobalSection(ExtensibilityGlobals) = postSolution
		SolutionGuid = {2277BA6C-199F-4C4D-AA2C-AD67C1D30BF3}
	EndGlobalSection
EndGlobal
