
Microsoft Visual Studio Solution File, Format Version 12.00
# Visual Studio Version 17
VisualStudioVersion = 17.0.32014.148
MinimumVisualStudioVersion = 10.0.40219.1
Project("{9A19103F-16F7-4668-BE54-9A1E7A4F7556}") = "01. Deconstruction", "01. Deconstruction\01. Deconstruction.csproj", "{3D3B6A1D-3484-4C10-A535-0B9C275E9F11}"
EndProject
Project("{9A19103F-16F7-4668-BE54-9A1E7A4F7556}") = "02. Tuples", "02. Tuples\02. Tuples.csproj", "{D97931AB-AFD2-4551-A71C-1395E93EBC89}"
EndProject
Project("{9A19103F-16F7-4668-BE54-9A1E7A4F7556}") = "03. PatternMatchingIsAndSwitch", "03. PatternMatchingIsAndSwitch\03. PatternMatchingIsAndSwitch.csproj", "{7A46920D-6CE6-4519-8414-15BF8C377AD5}"
EndProject
Project("{9A19103F-16F7-4668-BE54-9A1E7A4F7556}") = "04. LocalFunctions", "04. LocalFunctions\04. LocalFunctions.csproj", "{2BF1782C-464D-4BD8-BB69-178C6E47A257}"
EndProject
Project("{FAE04EC0-301F-11D3-BF4B-00C04F79EFBC}") = "05. OutVariables", "05. OutVariables\05. OutVariables.csproj", "{918C7D7D-553C-46AD-A03F-F83E401E4534}"
EndProject
Project("{FAE04EC0-301F-11D3-BF4B-00C04F79EFBC}") = "06. NumberLiteralsImprovements", "06. NumberLiteralsImprovements\06. NumberLiteralsImprovements.csproj", "{AFC8AC3A-3C92-4754-A153-E4802918F480}"
EndProject
Project("{FAE04EC0-301F-11D3-BF4B-00C04F79EFBC}") = "07. ThrowExpressions", "07. ThrowExpressions\07. ThrowExpressions.csproj", "{0F37EDC9-2E22-4838-A908-E1B892C8831A}"
EndProject
Project("{FAE04EC0-301F-11D3-BF4B-00C04F79EFBC}") = "08. RefReturnsAndLocals", "08. RefReturnsAndLocals\08. RefReturnsAndLocals.csproj", "{F1D35C76-042C-418F-8AAF-161C4B7FCE1F}"
EndProject
Global
	GlobalSection(SolutionConfigurationPlatforms) = preSolution
		Debug|Any CPU = Debug|Any CPU
		Release|Any CPU = Release|Any CPU
	EndGlobalSection
	GlobalSection(ProjectConfigurationPlatforms) = postSolution
		{3D3B6A1D-3484-4C10-A535-0B9C275E9F11}.Debug|Any CPU.ActiveCfg = Debug|Any CPU
		{3D3B6A1D-3484-4C10-A535-0B9C275E9F11}.Debug|Any CPU.Build.0 = Debug|Any CPU
		{3D3B6A1D-3484-4C10-A535-0B9C275E9F11}.Release|Any CPU.ActiveCfg = Release|Any CPU
		{3D3B6A1D-3484-4C10-A535-0B9C275E9F11}.Release|Any CPU.Build.0 = Release|Any CPU
		{D97931AB-AFD2-4551-A71C-1395E93EBC89}.Debug|Any CPU.ActiveCfg = Debug|Any CPU
		{D97931AB-AFD2-4551-A71C-1395E93EBC89}.Debug|Any CPU.Build.0 = Debug|Any CPU
		{D97931AB-AFD2-4551-A71C-1395E93EBC89}.Release|Any CPU.ActiveCfg = Release|Any CPU
		{D97931AB-AFD2-4551-A71C-1395E93EBC89}.Release|Any CPU.Build.0 = Release|Any CPU
		{7A46920D-6CE6-4519-8414-15BF8C377AD5}.Debug|Any CPU.ActiveCfg = Debug|Any CPU
		{7A46920D-6CE6-4519-8414-15BF8C377AD5}.Debug|Any CPU.Build.0 = Debug|Any CPU
		{7A46920D-6CE6-4519-8414-15BF8C377AD5}.Release|Any CPU.ActiveCfg = Release|Any CPU
		{7A46920D-6CE6-4519-8414-15BF8C377AD5}.Release|Any CPU.Build.0 = Release|Any CPU
		{2BF1782C-464D-4BD8-BB69-178C6E47A257}.Debug|Any CPU.ActiveCfg = Debug|Any CPU
		{2BF1782C-464D-4BD8-BB69-178C6E47A257}.Debug|Any CPU.Build.0 = Debug|Any CPU
		{2BF1782C-464D-4BD8-BB69-178C6E47A257}.Release|Any CPU.ActiveCfg = Release|Any CPU
		{2BF1782C-464D-4BD8-BB69-178C6E47A257}.Release|Any CPU.Build.0 = Release|Any CPU
		{918C7D7D-553C-46AD-A03F-F83E401E4534}.Debug|Any CPU.ActiveCfg = Debug|Any CPU
		{918C7D7D-553C-46AD-A03F-F83E401E4534}.Debug|Any CPU.Build.0 = Debug|Any CPU
		{918C7D7D-553C-46AD-A03F-F83E401E4534}.Release|Any CPU.ActiveCfg = Release|Any CPU
		{918C7D7D-553C-46AD-A03F-F83E401E4534}.Release|Any CPU.Build.0 = Release|Any CPU
		{AFC8AC3A-3C92-4754-A153-E4802918F480}.Debug|Any CPU.ActiveCfg = Debug|Any CPU
		{AFC8AC3A-3C92-4754-A153-E4802918F480}.Debug|Any CPU.Build.0 = Debug|Any CPU
		{AFC8AC3A-3C92-4754-A153-E4802918F480}.Release|Any CPU.ActiveCfg = Release|Any CPU
		{AFC8AC3A-3C92-4754-A153-E4802918F480}.Release|Any CPU.Build.0 = Release|Any CPU
		{0F37EDC9-2E22-4838-A908-E1B892C8831A}.Debug|Any CPU.ActiveCfg = Debug|Any CPU
		{0F37EDC9-2E22-4838-A908-E1B892C8831A}.Debug|Any CPU.Build.0 = Debug|Any CPU
		{0F37EDC9-2E22-4838-A908-E1B892C8831A}.Release|Any CPU.ActiveCfg = Release|Any CPU
		{0F37EDC9-2E22-4838-A908-E1B892C8831A}.Release|Any CPU.Build.0 = Release|Any CPU
		{F1D35C76-042C-418F-8AAF-161C4B7FCE1F}.Debug|Any CPU.ActiveCfg = Debug|Any CPU
		{F1D35C76-042C-418F-8AAF-161C4B7FCE1F}.Debug|Any CPU.Build.0 = Debug|Any CPU
		{F1D35C76-042C-418F-8AAF-161C4B7FCE1F}.Release|Any CPU.ActiveCfg = Release|Any CPU
		{F1D35C76-042C-418F-8AAF-161C4B7FCE1F}.Release|Any CPU.Build.0 = Release|Any CPU
	EndGlobalSection
	GlobalSection(SolutionProperties) = preSolution
		HideSolutionNode = FALSE
	EndGlobalSection
	GlobalSection(ExtensibilityGlobals) = postSolution
		SolutionGuid = {E0AE0AF5-36A4-406F-AFB7-1B406AAC7077}
	EndGlobalSection
EndGlobal
